// !$*UTF8*$!
{
	archiveVersion = 1;
	classes = {
	};
	objectVersion = 46;
	objects = {

/* Begin PBXBuildFile section */
		55C4B5D41DDB8A3700F8F367 /* AppDelegate.swift in Sources */ = {isa = PBXBuildFile; fileRef = 55C4B5D31DDB8A3700F8F367 /* AppDelegate.swift */; };
		55C4B5D61DDB8A3700F8F367 /* ViewController.swift in Sources */ = {isa = PBXBuildFile; fileRef = 55C4B5D51DDB8A3700F8F367 /* ViewController.swift */; };
		55C4B5D91DDB8A3700F8F367 /* Main.storyboard in Resources */ = {isa = PBXBuildFile; fileRef = 55C4B5D71DDB8A3700F8F367 /* Main.storyboard */; };
		55C4B5DB1DDB8A3700F8F367 /* Assets.xcassets in Resources */ = {isa = PBXBuildFile; fileRef = 55C4B5DA1DDB8A3700F8F367 /* Assets.xcassets */; };
		55C4B5DE1DDB8A3700F8F367 /* LaunchScreen.storyboard in Resources */ = {isa = PBXBuildFile; fileRef = 55C4B5DC1DDB8A3700F8F367 /* LaunchScreen.storyboard */; };
		55C4B5E91DDB8A3700F8F367 /* ayannacolden_pset3Tests.swift in Sources */ = {isa = PBXBuildFile; fileRef = 55C4B5E81DDB8A3700F8F367 /* ayannacolden_pset3Tests.swift */; };
		55C4B5F41DDB8A3700F8F367 /* ayannacolden_pset3UITests.swift in Sources */ = {isa = PBXBuildFile; fileRef = 55C4B5F31DDB8A3700F8F367 /* ayannacolden_pset3UITests.swift */; };
		55C4B6021DDB96EE00F8F367 /* DescriptionCell.swift in Sources */ = {isa = PBXBuildFile; fileRef = 55C4B6011DDB96EE00F8F367 /* DescriptionCell.swift */; };
		55C4B6041DDCE5A700F8F367 /* MovieViewController.swift in Sources */ = {isa = PBXBuildFile; fileRef = 55C4B6031DDCE5A700F8F367 /* MovieViewController.swift */; };
		55C4B6061DDF2EB600F8F367 /* WatchTableViewController.swift in Sources */ = {isa = PBXBuildFile; fileRef = 55C4B6051DDF2EB600F8F367 /* WatchTableViewController.swift */; };
		55C4B6081DDF2F3100F8F367 /* WatchViewCell.swift in Sources */ = {isa = PBXBuildFile; fileRef = 55C4B6071DDF2F3100F8F367 /* WatchViewCell.swift */; };
/* End PBXBuildFile section */

/* Begin PBXContainerItemProxy section */
		55C4B5E51DDB8A3700F8F367 /* PBXContainerItemProxy */ = {
			isa = PBXContainerItemProxy;
			containerPortal = 55C4B5C81DDB8A3700F8F367 /* Project object */;
			proxyType = 1;
			remoteGlobalIDString = 55C4B5CF1DDB8A3700F8F367;
			remoteInfo = "ayannacolden-pset3";
		};
		55C4B5F01DDB8A3700F8F367 /* PBXContainerItemProxy */ = {
			isa = PBXContainerItemProxy;
			containerPortal = 55C4B5C81DDB8A3700F8F367 /* Project object */;
			proxyType = 1;
			remoteGlobalIDString = 55C4B5CF1DDB8A3700F8F367;
			remoteInfo = "ayannacolden-pset3";
		};
/* End PBXContainerItemProxy section */

/* Begin PBXFileReference section */
		55C4B5D01DDB8A3700F8F367 /* ayannacolden-pset3.app */ = {isa = PBXFileReference; explicitFileType = wrapper.application; includeInIndex = 0; path = "ayannacolden-pset3.app"; sourceTree = BUILT_PRODUCTS_DIR; };
		55C4B5D31DDB8A3700F8F367 /* AppDelegate.swift */ = {isa = PBXFileReference; lastKnownFileType = sourcecode.swift; path = AppDelegate.swift; sourceTree = "<group>"; };
		55C4B5D51DDB8A3700F8F367 /* ViewController.swift */ = {isa = PBXFileReference; lastKnownFileType = sourcecode.swift; path = ViewController.swift; sourceTree = "<group>"; };
		55C4B5D81DDB8A3700F8F367 /* Base */ = {isa = PBXFileReference; lastKnownFileType = file.storyboard; name = Base; path = Base.lproj/Main.storyboard; sourceTree = "<group>"; };
		55C4B5DA1DDB8A3700F8F367 /* Assets.xcassets */ = {isa = PBXFileReference; lastKnownFileType = folder.assetcatalog; path = Assets.xcassets; sourceTree = "<group>"; };
		55C4B5DD1DDB8A3700F8F367 /* Base */ = {isa = PBXFileReference; lastKnownFileType = file.storyboard; name = Base; path = Base.lproj/LaunchScreen.storyboard; sourceTree = "<group>"; };
		55C4B5DF1DDB8A3700F8F367 /* Info.plist */ = {isa = PBXFileReference; lastKnownFileType = text.plist.xml; path = Info.plist; sourceTree = "<group>"; };
		55C4B5E41DDB8A3700F8F367 /* ayannacolden-pset3Tests.xctest */ = {isa = PBXFileReference; explicitFileType = wrapper.cfbundle; includeInIndex = 0; path = "ayannacolden-pset3Tests.xctest"; sourceTree = BUILT_PRODUCTS_DIR; };
		55C4B5E81DDB8A3700F8F367 /* ayannacolden_pset3Tests.swift */ = {isa = PBXFileReference; lastKnownFileType = sourcecode.swift; path = ayannacolden_pset3Tests.swift; sourceTree = "<group>"; };
		55C4B5EA1DDB8A3700F8F367 /* Info.plist */ = {isa = PBXFileReference; lastKnownFileType = text.plist.xml; path = Info.plist; sourceTree = "<group>"; };
		55C4B5EF1DDB8A3700F8F367 /* ayannacolden-pset3UITests.xctest */ = {isa = PBXFileReference; explicitFileType = wrapper.cfbundle; includeInIndex = 0; path = "ayannacolden-pset3UITests.xctest"; sourceTree = BUILT_PRODUCTS_DIR; };
		55C4B5F31DDB8A3700F8F367 /* ayannacolden_pset3UITests.swift */ = {isa = PBXFileReference; lastKnownFileType = sourcecode.swift; path = ayannacolden_pset3UITests.swift; sourceTree = "<group>"; };
		55C4B5F51DDB8A3700F8F367 /* Info.plist */ = {isa = PBXFileReference; lastKnownFileType = text.plist.xml; path = Info.plist; sourceTree = "<group>"; };
		55C4B6011DDB96EE00F8F367 /* DescriptionCell.swift */ = {isa = PBXFileReference; fileEncoding = 4; lastKnownFileType = sourcecode.swift; path = DescriptionCell.swift; sourceTree = "<group>"; };
		55C4B6031DDCE5A700F8F367 /* MovieViewController.swift */ = {isa = PBXFileReference; fileEncoding = 4; lastKnownFileType = sourcecode.swift; path = MovieViewController.swift; sourceTree = "<group>"; };
		55C4B6051DDF2EB600F8F367 /* WatchTableViewController.swift */ = {isa = PBXFileReference; fileEncoding = 4; lastKnownFileType = sourcecode.swift; path = WatchTableViewController.swift; sourceTree = "<group>"; };
		55C4B6071DDF2F3100F8F367 /* WatchViewCell.swift */ = {isa = PBXFileReference; fileEncoding = 4; lastKnownFileType = sourcecode.swift; path = WatchViewCell.swift; sourceTree = "<group>"; };
/* End PBXFileReference section */

/* Begin PBXFrameworksBuildPhase section */
		55C4B5CD1DDB8A3700F8F367 /* Frameworks */ = {
			isa = PBXFrameworksBuildPhase;
			buildActionMask = 2147483647;
			files = (
			);
			runOnlyForDeploymentPostprocessing = 0;
		};
		55C4B5E11DDB8A3700F8F367 /* Frameworks */ = {
			isa = PBXFrameworksBuildPhase;
			buildActionMask = 2147483647;
			files = (
			);
			runOnlyForDeploymentPostprocessing = 0;
		};
		55C4B5EC1DDB8A3700F8F367 /* Frameworks */ = {
			isa = PBXFrameworksBuildPhase;
			buildActionMask = 2147483647;
			files = (
			);
			runOnlyForDeploymentPostprocessing = 0;
		};
/* End PBXFrameworksBuildPhase section */

/* Begin PBXGroup section */
		55C4B5C71DDB8A3700F8F367 = {
			isa = PBXGroup;
			children = (
				55C4B5D21DDB8A3700F8F367 /* ayannacolden-pset3 */,
				55C4B5E71DDB8A3700F8F367 /* ayannacolden-pset3Tests */,
				55C4B5F21DDB8A3700F8F367 /* ayannacolden-pset3UITests */,
				55C4B5D11DDB8A3700F8F367 /* Products */,
			);
			sourceTree = "<group>";
		};
		55C4B5D11DDB8A3700F8F367 /* Products */ = {
			isa = PBXGroup;
			children = (
				55C4B5D01DDB8A3700F8F367 /* ayannacolden-pset3.app */,
				55C4B5E41DDB8A3700F8F367 /* ayannacolden-pset3Tests.xctest */,
				55C4B5EF1DDB8A3700F8F367 /* ayannacolden-pset3UITests.xctest */,
			);
			name = Products;
			sourceTree = "<group>";
		};
		55C4B5D21DDB8A3700F8F367 /* ayannacolden-pset3 */ = {
			isa = PBXGroup;
			children = (
				55C4B5D31DDB8A3700F8F367 /* AppDelegate.swift */,
				55C4B5D51DDB8A3700F8F367 /* ViewController.swift */,
				55C4B6011DDB96EE00F8F367 /* DescriptionCell.swift */,
				55C4B6031DDCE5A700F8F367 /* MovieViewController.swift */,
				55C4B6051DDF2EB600F8F367 /* WatchTableViewController.swift */,
				55C4B6071DDF2F3100F8F367 /* WatchViewCell.swift */,
				55C4B5D71DDB8A3700F8F367 /* Main.storyboard */,
				55C4B5DA1DDB8A3700F8F367 /* Assets.xcassets */,
				55C4B5DC1DDB8A3700F8F367 /* LaunchScreen.storyboard */,
				55C4B5DF1DDB8A3700F8F367 /* Info.plist */,
			);
			path = "ayannacolden-pset3";
			sourceTree = "<group>";
		};
		55C4B5E71DDB8A3700F8F367 /* ayannacolden-pset3Tests */ = {
			isa = PBXGroup;
			children = (
				55C4B5E81DDB8A3700F8F367 /* ayannacolden_pset3Tests.swift */,
				55C4B5EA1DDB8A3700F8F367 /* Info.plist */,
			);
			path = "ayannacolden-pset3Tests";
			sourceTree = "<group>";
		};
		55C4B5F21DDB8A3700F8F367 /* ayannacolden-pset3UITests */ = {
			isa = PBXGroup;
			children = (
				55C4B5F31DDB8A3700F8F367 /* ayannacolden_pset3UITests.swift */,
				55C4B5F51DDB8A3700F8F367 /* Info.plist */,
			);
			path = "ayannacolden-pset3UITests";
			sourceTree = "<group>";
		};
/* End PBXGroup section */

/* Begin PBXNativeTarget section */
		55C4B5CF1DDB8A3700F8F367 /* ayannacolden-pset3 */ = {
			isa = PBXNativeTarget;
			buildConfigurationList = 55C4B5F81DDB8A3700F8F367 /* Build configuration list for PBXNativeTarget "ayannacolden-pset3" */;
			buildPhases = (
				55C4B5CC1DDB8A3700F8F367 /* Sources */,
				55C4B5CD1DDB8A3700F8F367 /* Frameworks */,
				55C4B5CE1DDB8A3700F8F367 /* Resources */,
			);
			buildRules = (
			);
			dependencies = (
			);
			name = "ayannacolden-pset3";
			productName = "ayannacolden-pset3";
			productReference = 55C4B5D01DDB8A3700F8F367 /* ayannacolden-pset3.app */;
			productType = "com.apple.product-type.application";
		};
		55C4B5E31DDB8A3700F8F367 /* ayannacolden-pset3Tests */ = {
			isa = PBXNativeTarget;
			buildConfigurationList = 55C4B5FB1DDB8A3700F8F367 /* Build configuration list for PBXNativeTarget "ayannacolden-pset3Tests" */;
			buildPhases = (
				55C4B5E01DDB8A3700F8F367 /* Sources */,
				55C4B5E11DDB8A3700F8F367 /* Frameworks */,
				55C4B5E21DDB8A3700F8F367 /* Resources */,
			);
			buildRules = (
			);
			dependencies = (
				55C4B5E61DDB8A3700F8F367 /* PBXTargetDependency */,
			);
			name = "ayannacolden-pset3Tests";
			productName = "ayannacolden-pset3Tests";
			productReference = 55C4B5E41DDB8A3700F8F367 /* ayannacolden-pset3Tests.xctest */;
			productType = "com.apple.product-type.bundle.unit-test";
		};
		55C4B5EE1DDB8A3700F8F367 /* ayannacolden-pset3UITests */ = {
			isa = PBXNativeTarget;
			buildConfigurationList = 55C4B5FE1DDB8A3700F8F367 /* Build configuration list for PBXNativeTarget "ayannacolden-pset3UITests" */;
			buildPhases = (
				55C4B5EB1DDB8A3700F8F367 /* Sources */,
				55C4B5EC1DDB8A3700F8F367 /* Frameworks */,
				55C4B5ED1DDB8A3700F8F367 /* Resources */,
			);
			buildRules = (
			);
			dependencies = (
				55C4B5F11DDB8A3700F8F367 /* PBXTargetDependency */,
			);
			name = "ayannacolden-pset3UITests";
			productName = "ayannacolden-pset3UITests";
			productReference = 55C4B5EF1DDB8A3700F8F367 /* ayannacolden-pset3UITests.xctest */;
			productType = "com.apple.product-type.bundle.ui-testing";
		};
/* End PBXNativeTarget section */

/* Begin PBXProject section */
		55C4B5C81DDB8A3700F8F367 /* Project object */ = {
			isa = PBXProject;
			attributes = {
				LastSwiftUpdateCheck = 0810;
				LastUpgradeCheck = 0810;
				ORGANIZATIONNAME = "Ayanna Colden";
				TargetAttributes = {
					55C4B5CF1DDB8A3700F8F367 = {
						CreatedOnToolsVersion = 8.1;
						ProvisioningStyle = Automatic;
					};
					55C4B5E31DDB8A3700F8F367 = {
						CreatedOnToolsVersion = 8.1;
						ProvisioningStyle = Automatic;
						TestTargetID = 55C4B5CF1DDB8A3700F8F367;
					};
					55C4B5EE1DDB8A3700F8F367 = {
						CreatedOnToolsVersion = 8.1;
						ProvisioningStyle = Automatic;
						TestTargetID = 55C4B5CF1DDB8A3700F8F367;
					};
				};
			};
			buildConfigurationList = 55C4B5CB1DDB8A3700F8F367 /* Build configuration list for PBXProject "ayannacolden-pset3" */;
			compatibilityVersion = "Xcode 3.2";
			developmentRegion = English;
			hasScannedForEncodings = 0;
			knownRegions = (
				en,
				Base,
			);
			mainGroup = 55C4B5C71DDB8A3700F8F367;
			productRefGroup = 55C4B5D11DDB8A3700F8F367 /* Products */;
			projectDirPath = "";
			projectRoot = "";
			targets = (
				55C4B5CF1DDB8A3700F8F367 /* ayannacolden-pset3 */,
				55C4B5E31DDB8A3700F8F367 /* ayannacolden-pset3Tests */,
				55C4B5EE1DDB8A3700F8F367 /* ayannacolden-pset3UITests */,
			);
		};
/* End PBXProject section */

/* Begin PBXResourcesBuildPhase section */
		55C4B5CE1DDB8A3700F8F367 /* Resources */ = {
			isa = PBXResourcesBuildPhase;
			buildActionMask = 2147483647;
			files = (
				55C4B5DE1DDB8A3700F8F367 /* LaunchScreen.storyboard in Resources */,
				55C4B5DB1DDB8A3700F8F367 /* Assets.xcassets in Resources */,
				55C4B5D91DDB8A3700F8F367 /* Main.storyboard in Resources */,
			);
			runOnlyForDeploymentPostprocessing = 0;
		};
		55C4B5E21DDB8A3700F8F367 /* Resources */ = {
			isa = PBXResourcesBuildPhase;
			buildActionMask = 2147483647;
			files = (
			);
			runOnlyForDeploymentPostprocessing = 0;
		};
		55C4B5ED1DDB8A3700F8F367 /* Resources */ = {
			isa = PBXResourcesBuildPhase;
			buildActionMask = 2147483647;
			files = (
			);
			runOnlyForDeploymentPostprocessing = 0;
		};
/* End PBXResourcesBuildPhase section */

/* Begin PBXSourcesBuildPhase section */
		55C4B5CC1DDB8A3700F8F367 /* Sources */ = {
			isa = PBXSourcesBuildPhase;
			buildActionMask = 2147483647;
			files = (
				55C4B5D61DDB8A3700F8F367 /* ViewController.swift in Sources */,
				55C4B5D41DDB8A3700F8F367 /* AppDelegate.swift in Sources */,
				55C4B6021DDB96EE00F8F367 /* DescriptionCell.swift in Sources */,
				55C4B6041DDCE5A700F8F367 /* MovieViewController.swift in Sources */,
				55C4B6081DDF2F3100F8F367 /* WatchViewCell.swift in Sources */,
				55C4B6061DDF2EB600F8F367 /* WatchTableViewController.swift in Sources */,
			);
			runOnlyForDeploymentPostprocessing = 0;
		};
		55C4B5E01DDB8A3700F8F367 /* Sources */ = {
			isa = PBXSourcesBuildPhase;
			buildActionMask = 2147483647;
			files = (
				55C4B5E91DDB8A3700F8F367 /* ayannacolden_pset3Tests.swift in Sources */,
			);
			runOnlyForDeploymentPostprocessing = 0;
		};
		55C4B5EB1DDB8A3700F8F367 /* Sources */ = {
			isa = PBXSourcesBuildPhase;
			buildActionMask = 2147483647;
			files = (
				55C4B5F41DDB8A3700F8F367 /* ayannacolden_pset3UITests.swift in Sources */,
			);
			runOnlyForDeploymentPostprocessing = 0;
		};
/* End PBXSourcesBuildPhase section */

/* Begin PBXTargetDependency section */
		55C4B5E61DDB8A3700F8F367 /* PBXTargetDependency */ = {
			isa = PBXTargetDependency;
			target = 55C4B5CF1DDB8A3700F8F367 /* ayannacolden-pset3 */;
			targetProxy = 55C4B5E51DDB8A3700F8F367 /* PBXContainerItemProxy */;
		};
		55C4B5F11DDB8A3700F8F367 /* PBXTargetDependency */ = {
			isa = PBXTargetDependency;
			target = 55C4B5CF1DDB8A3700F8F367 /* ayannacolden-pset3 */;
			targetProxy = 55C4B5F01DDB8A3700F8F367 /* PBXContainerItemProxy */;
		};
/* End PBXTargetDependency section */

/* Begin PBXVariantGroup section */
		55C4B5D71DDB8A3700F8F367 /* Main.storyboard */ = {
			isa = PBXVariantGroup;
			children = (
				55C4B5D81DDB8A3700F8F367 /* Base */,
			);
			name = Main.storyboard;
			sourceTree = "<group>";
		};
		55C4B5DC1DDB8A3700F8F367 /* LaunchScreen.storyboard */ = {
			isa = PBXVariantGroup;
			children = (
				55C4B5DD1DDB8A3700F8F367 /* Base */,
			);
			name = LaunchScreen.storyboard;
			sourceTree = "<group>";
		};
/* End PBXVariantGroup section */

/* Begin XCBuildConfiguration section */
		55C4B5F61DDB8A3700F8F367 /* Debug */ = {
			isa = XCBuildConfiguration;
			buildSettings = {
				ALWAYS_SEARCH_USER_PATHS = NO;
				CLANG_ANALYZER_NONNULL = YES;
				CLANG_CXX_LANGUAGE_STANDARD = "gnu++0x";
				CLANG_CXX_LIBRARY = "libc++";
				CLANG_ENABLE_MODULES = YES;
				CLANG_ENABLE_OBJC_ARC = YES;
				CLANG_WARN_BOOL_CONVERSION = YES;
				CLANG_WARN_CONSTANT_CONVERSION = YES;
				CLANG_WARN_DIRECT_OBJC_ISA_USAGE = YES_ERROR;
				CLANG_WARN_DOCUMENTATION_COMMENTS = YES;
				CLANG_WARN_EMPTY_BODY = YES;
				CLANG_WARN_ENUM_CONVERSION = YES;
				CLANG_WARN_INFINITE_RECURSION = YES;
				CLANG_WARN_INT_CONVERSION = YES;
				CLANG_WARN_OBJC_ROOT_CLASS = YES_ERROR;
				CLANG_WARN_SUSPICIOUS_MOVES = YES;
				CLANG_WARN_UNREACHABLE_CODE = YES;
				CLANG_WARN__DUPLICATE_METHOD_MATCH = YES;
				"CODE_SIGN_IDENTITY[sdk=iphoneos*]" = "iPhone Developer";
				COPY_PHASE_STRIP = NO;
				DEBUG_INFORMATION_FORMAT = dwarf;
				ENABLE_STRICT_OBJC_MSGSEND = YES;
				ENABLE_TESTABILITY = YES;
				GCC_C_LANGUAGE_STANDARD = gnu99;
				GCC_DYNAMIC_NO_PIC = NO;
				GCC_NO_COMMON_BLOCKS = YES;
				GCC_OPTIMIZATION_LEVEL = 0;
				GCC_PREPROCESSOR_DEFINITIONS = (
					"DEBUG=1",
					"$(inherited)",
				);
				GCC_WARN_64_TO_32_BIT_CONVERSION = YES;
				GCC_WARN_ABOUT_RETURN_TYPE = YES_ERROR;
				GCC_WARN_UNDECLARED_SELECTOR = YES;
				GCC_WARN_UNINITIALIZED_AUTOS = YES_AGGRESSIVE;
				GCC_WARN_UNUSED_FUNCTION = YES;
				GCC_WARN_UNUSED_VARIABLE = YES;
				IPHONEOS_DEPLOYMENT_TARGET = 10.1;
				MTL_ENABLE_DEBUG_INFO = YES;
				ONLY_ACTIVE_ARCH = YES;
				SDKROOT = iphoneos;
				SWIFT_ACTIVE_COMPILATION_CONDITIONS = DEBUG;
				SWIFT_OPTIMIZATION_LEVEL = "-Onone";
				TARGETED_DEVICE_FAMILY = "1,2";
			};
			name = Debug;
		};
		55C4B5F71DDB8A3700F8F367 /* Release */ = {
			isa = XCBuildConfiguration;
			buildSettings = {
				ALWAYS_SEARCH_USER_PATHS = NO;
				CLANG_ANALYZER_NONNULL = YES;
				CLANG_CXX_LANGUAGE_STANDARD = "gnu++0x";
				CLANG_CXX_LIBRARY = "libc++";
				CLANG_ENABLE_MODULES = YES;
				CLANG_ENABLE_OBJC_ARC = YES;
				CLANG_WARN_BOOL_CONVERSION = YES;
				CLANG_WARN_CONSTANT_CONVERSION = YES;
				CLANG_WARN_DIRECT_OBJC_ISA_USAGE = YES_ERROR;
				CLANG_WARN_DOCUMENTATION_COMMENTS = YES;
				CLANG_WARN_EMPTY_BODY = YES;
				CLANG_WARN_ENUM_CONVERSION = YES;
				CLANG_WARN_INFINITE_RECURSION = YES;
				CLANG_WARN_INT_CONVERSION = YES;
				CLANG_WARN_OBJC_ROOT_CLASS = YES_ERROR;
				CLANG_WARN_SUSPICIOUS_MOVES = YES;
				CLANG_WARN_UNREACHABLE_CODE = YES;
				CLANG_WARN__DUPLICATE_METHOD_MATCH = YES;
				"CODE_SIGN_IDENTITY[sdk=iphoneos*]" = "iPhone Developer";
				COPY_PHASE_STRIP = NO;
				DEBUG_INFORMATION_FORMAT = "dwarf-with-dsym";
				ENABLE_NS_ASSERTIONS = NO;
				ENABLE_STRICT_OBJC_MSGSEND = YES;
				GCC_C_LANGUAGE_STANDARD = gnu99;
				GCC_NO_COMMON_BLOCKS = YES;
				GCC_WARN_64_TO_32_BIT_CONVERSION = YES;
				GCC_WARN_ABOUT_RETURN_TYPE = YES_ERROR;
				GCC_WARN_UNDECLARED_SELECTOR = YES;
				GCC_WARN_UNINITIALIZED_AUTOS = YES_AGGRESSIVE;
				GCC_WARN_UNUSED_FUNCTION = YES;
				GCC_WARN_UNUSED_VARIABLE = YES;
				IPHONEOS_DEPLOYMENT_TARGET = 10.1;
				MTL_ENABLE_DEBUG_INFO = NO;
				SDKROOT = iphoneos;
				SWIFT_OPTIMIZATION_LEVEL = "-Owholemodule";
				TARGETED_DEVICE_FAMILY = "1,2";
				VALIDATE_PRODUCT = YES;
			};
			name = Release;
		};
		55C4B5F91DDB8A3700F8F367 /* Debug */ = {
			isa = XCBuildConfiguration;
			buildSettings = {
				ASSETCATALOG_COMPILER_APPICON_NAME = AppIcon;
				INFOPLIST_FILE = "ayannacolden-pset3/Info.plist";
				LD_RUNPATH_SEARCH_PATHS = "$(inherited) @executable_path/Frameworks";
				PRODUCT_BUNDLE_IDENTIFIER = "nl.mprog.ayannacolden-pset3";
				PRODUCT_NAME = "$(TARGET_NAME)";
				SWIFT_VERSION = 3.0;
			};
			name = Debug;
		};
		55C4B5FA1DDB8A3700F8F367 /* Release */ = {
			isa = XCBuildConfiguration;
			buildSettings = {
				ASSETCATALOG_COMPILER_APPICON_NAME = AppIcon;
				INFOPLIST_FILE = "ayannacolden-pset3/Info.plist";
				LD_RUNPATH_SEARCH_PATHS = "$(inherited) @executable_path/Frameworks";
				PRODUCT_BUNDLE_IDENTIFIER = "nl.mprog.ayannacolden-pset3";
				PRODUCT_NAME = "$(TARGET_NAME)";
				SWIFT_VERSION = 3.0;
			};
			name = Release;
		};
		55C4B5FC1DDB8A3700F8F367 /* Debug */ = {
			isa = XCBuildConfiguration;
			buildSettings = {
				ALWAYS_EMBED_SWIFT_STANDARD_LIBRARIES = YES;
				BUNDLE_LOADER = "$(TEST_HOST)";
				INFOPLIST_FILE = "ayannacolden-pset3Tests/Info.plist";
				LD_RUNPATH_SEARCH_PATHS = "$(inherited) @executable_path/Frameworks @loader_path/Frameworks";
				PRODUCT_BUNDLE_IDENTIFIER = "nl.mprog.ayannacolden-pset3Tests";
				PRODUCT_NAME = "$(TARGET_NAME)";
				SWIFT_VERSION = 3.0;
				TEST_HOST = "$(BUILT_PRODUCTS_DIR)/ayannacolden-pset3.app/ayannacolden-pset3";
			};
			name = Debug;
		};
		55C4B5FD1DDB8A3700F8F367 /* Release */ = {
			isa = XCBuildConfiguration;
			buildSettings = {
				ALWAYS_EMBED_SWIFT_STANDARD_LIBRARIES = YES;
				BUNDLE_LOADER = "$(TEST_HOST)";
				INFOPLIST_FILE = "ayannacolden-pset3Tests/Info.plist";
				LD_RUNPATH_SEARCH_PATHS = "$(inherited) @executable_path/Frameworks @loader_path/Frameworks";
				PRODUCT_BUNDLE_IDENTIFIER = "nl.mprog.ayannacolden-pset3Tests";
				PRODUCT_NAME = "$(TARGET_NAME)";
				SWIFT_VERSION = 3.0;
				TEST_HOST = "$(BUILT_PRODUCTS_DIR)/ayannacolden-pset3.app/ayannacolden-pset3";
			};
			name = Release;
		};
		55C4B5FF1DDB8A3700F8F367 /* Debug */ = {
			isa = XCBuildConfiguration;
			buildSettings = {
				ALWAYS_EMBED_SWIFT_STANDARD_LIBRARIES = YES;
				INFOPLIST_FILE = "ayannacolden-pset3UITests/Info.plist";
				LD_RUNPATH_SEARCH_PATHS = "$(inherited) @executable_path/Frameworks @loader_path/Frameworks";
				PRODUCT_BUNDLE_IDENTIFIER = "nl.mprog.ayannacolden-pset3UITests";
				PRODUCT_NAME = "$(TARGET_NAME)";
				SWIFT_VERSION = 3.0;
				TEST_TARGET_NAME = "ayannacolden-pset3";
			};
			name = Debug;
		};
		55C4B6001DDB8A3700F8F367 /* Release */ = {
			isa = XCBuildConfiguration;
			buildSettings = {
				ALWAYS_EMBED_SWIFT_STANDARD_LIBRARIES = YES;
				INFOPLIST_FILE = "ayannacolden-pset3UITests/Info.plist";
				LD_RUNPATH_SEARCH_PATHS = "$(inherited) @executable_path/Frameworks @loader_path/Frameworks";
				PRODUCT_BUNDLE_IDENTIFIER = "nl.mprog.ayannacolden-pset3UITests";
				PRODUCT_NAME = "$(TARGET_NAME)";
				SWIFT_VERSION = 3.0;
				TEST_TARGET_NAME = "ayannacolden-pset3";
			};
			name = Release;
		};
/* End XCBuildConfiguration section */

/* Begin XCConfigurationList section */
		55C4B5CB1DDB8A3700F8F367 /* Build configuration list for PBXProject "ayannacolden-pset3" */ = {
			isa = XCConfigurationList;
			buildConfigurations = (
				55C4B5F61DDB8A3700F8F367 /* Debug */,
				55C4B5F71DDB8A3700F8F367 /* Release */,
			);
			defaultConfigurationIsVisible = 0;
			defaultConfigurationName = Release;
		};
		55C4B5F81DDB8A3700F8F367 /* Build configuration list for PBXNativeTarget "ayannacolden-pset3" */ = {
			isa = XCConfigurationList;
			buildConfigurations = (
				55C4B5F91DDB8A3700F8F367 /* Debug */,
				55C4B5FA1DDB8A3700F8F367 /* Release */,
			);
			defaultConfigurationIsVisible = 0;
			defaultConfigurationName = Release;
		};
		55C4B5FB1DDB8A3700F8F367 /* Build configuration list for PBXNativeTarget "ayannacolden-pset3Tests" */ = {
			isa = XCConfigurationList;
			buildConfigurations = (
				55C4B5FC1DDB8A3700F8F367 /* Debug */,
				55C4B5FD1DDB8A3700F8F367 /* Release */,
			);
			defaultConfigurationIsVisible = 0;
			defaultConfigurationName = Release;
		};
		55C4B5FE1DDB8A3700F8F367 /* Build configuration list for PBXNativeTarget "ayannacolden-pset3UITests" */ = {
			isa = XCConfigurationList;
			buildConfigurations = (
				55C4B5FF1DDB8A3700F8F367 /* Debug */,
				55C4B6001DDB8A3700F8F367 /* Release */,
			);
			defaultConfigurationIsVisible = 0;
			defaultConfigurationName = Release;
		};
/* End XCConfigurationList section */
	};
	rootObject = 55C4B5C81DDB8A3700F8F367 /* Project object */;
}
